
Microsoft Visual Studio Solution File, Format Version 12.00
# Visual Studio Version 16
VisualStudioVersion = 16.0.30621.155
MinimumVisualStudioVersion = 10.0.40219.1
Project("{FAE04EC0-301F-11D3-BF4B-00C04F79EFBC}") = "Shapes", "Shapes\Shapes.csproj", "{4DFABEBD-6358-43A2-A42B-49E38D7E2C41}"
EndProject
Project("{FAE04EC0-301F-11D3-BF4B-00C04F79EFBC}") = "Cars", "Cars\Cars.csproj", "{40C1B6D5-DFDF-4EED-AAEB-81D28C8D1701}"
EndProject
Global
	GlobalSection(SolutionConfigurationPlatforms) = preSolution
		Debug|Any CPU = Debug|Any CPU
		Release|Any CPU = Release|Any CPU
	EndGlobalSection
	GlobalSection(ProjectConfigurationPlatforms) = postSolution
		{4DFABEBD-6358-43A2-A42B-49E38D7E2C41}.Debug|Any CPU.ActiveCfg = Debug|Any CPU
		{4DFABEBD-6358-43A2-A42B-49E38D7E2C41}.Debug|Any CPU.Build.0 = Debug|Any CPU
		{4DFABEBD-6358-43A2-A42B-49E38D7E2C41}.Release|Any CPU.ActiveCfg = Release|Any CPU
		{4DFABEBD-6358-43A2-A42B-49E38D7E2C41}.Release|Any CPU.Build.0 = Release|Any CPU
		{40C1B6D5-DFDF-4EED-AAEB-81D28C8D1701}.Debug|Any CPU.ActiveCfg = Debug|Any CPU
		{40C1B6D5-DFDF-4EED-AAEB-81D28C8D1701}.Debug|Any CPU.Build.0 = Debug|Any CPU
		{40C1B6D5-DFDF-4EED-AAEB-81D28C8D1701}.Release|Any CPU.ActiveCfg = Release|Any CPU
		{40C1B6D5-DFDF-4EED-AAEB-81D28C8D1701}.Release|Any CPU.Build.0 = Release|Any CPU
	EndGlobalSection
	GlobalSection(SolutionProperties) = preSolution
		HideSolutionNode = FALSE
	EndGlobalSection
	GlobalSection(ExtensibilityGlobals) = postSolution
		SolutionGuid = {F4F36AB0-9C5D-4E06-8665-DB15656DC9E8}
	EndGlobalSection
EndGlobal
