
Microsoft Visual Studio Solution File, Format Version 12.00
# Visual Studio Version 16
VisualStudioVersion = 16.0.30621.155
MinimumVisualStudioVersion = 10.0.40219.1
Project("{FAE04EC0-301F-11D3-BF4B-00C04F79EFBC}") = "Stealer", "Stealer\Stealer.csproj", "{82A40A4C-9ADA-4617-97B2-7122DDCEE296}"
EndProject
Project("{FAE04EC0-301F-11D3-BF4B-00C04F79EFBC}") = "AuthorProblem", "AuthorProblem\AuthorProblem.csproj", "{DCB39A02-0B6E-402D-91EE-D1EFA1F55CC5}"
EndProject
Global
	GlobalSection(SolutionConfigurationPlatforms) = preSolution
		Debug|Any CPU = Debug|Any CPU
		Release|Any CPU = Release|Any CPU
	EndGlobalSection
	GlobalSection(ProjectConfigurationPlatforms) = postSolution
		{82A40A4C-9ADA-4617-97B2-7122DDCEE296}.Debug|Any CPU.ActiveCfg = Debug|Any CPU
		{82A40A4C-9ADA-4617-97B2-7122DDCEE296}.Debug|Any CPU.Build.0 = Debug|Any CPU
		{82A40A4C-9ADA-4617-97B2-7122DDCEE296}.Release|Any CPU.ActiveCfg = Release|Any CPU
		{82A40A4C-9ADA-4617-97B2-7122DDCEE296}.Release|Any CPU.Build.0 = Release|Any CPU
		{DCB39A02-0B6E-402D-91EE-D1EFA1F55CC5}.Debug|Any CPU.ActiveCfg = Debug|Any CPU
		{DCB39A02-0B6E-402D-91EE-D1EFA1F55CC5}.Debug|Any CPU.Build.0 = Debug|Any CPU
		{DCB39A02-0B6E-402D-91EE-D1EFA1F55CC5}.Release|Any CPU.ActiveCfg = Release|Any CPU
		{DCB39A02-0B6E-402D-91EE-D1EFA1F55CC5}.Release|Any CPU.Build.0 = Release|Any CPU
	EndGlobalSection
	GlobalSection(SolutionProperties) = preSolution
		HideSolutionNode = FALSE
	EndGlobalSection
	GlobalSection(ExtensibilityGlobals) = postSolution
		SolutionGuid = {BBC3AF33-C06D-4F24-9F0C-90A1DC606F6C}
	EndGlobalSection
EndGlobal
